{
  "name": "CaseStudy",
  "lockfileVersion": 3,
  "requires": true,
  "packages": {
    "": {
      "dependencies": {
        "@mui/x-charts": "^9.4.0",
        "axios": "^1.18.1",
        "react-router-dom": "^7.18.2"
      }
    },
    "node_modules/@babel/runtime": {
      "version": "7.29.7",
      "resolved": "https://pkgs.dev.azure.com/Indusvalleypartners/b9909028-746d-41cb-a32b-9e01d644eeaa/_packaging/NPM-Registry/npm/registry/@babel/runtime/-/runtime-7.29.7.tgz",
      "integrity": "sha1-EgIkUMRaTabY2Ch7GKT/Ldsj92g=",
      "license": "MIT",
      "engines": {
        "node": ">=6.9.0"
      }
    },
    "node_modules/@emotion/cache": {
      "version": "11.14.0",
      "resolved": "https://pkgs.dev.azure.com/Indusvalleypartners/b9909028-746d-41cb-a32b-9e01d644eeaa/_packaging/NPM-Registry/npm/registry/@emotion/cache/-/cache-11.14.0.tgz",
      "integrity": "sha1-7kSyaYbuuTyL6Cu5Lx96myGy7XY=",
      "license": "MIT",
      "peer": true,
      "dependencies": {
        "@emotion/memoize": "^0.9.0",
        "@emotion/sheet": "^1.4.0",
        "@emotion/utils": "^1.4.2",
        "@emotion/weak-memoize": "^0.4.0",
        "stylis": "4.2.0"
      }
    },
    "node_modules/@emotion/hash": {
      "version": "0.9.2",
      "resolved": "https://pkgs.dev.azure.com/Indusvalleypartners/b9909028-746d-41cb-a32b-9e01d644eeaa/_packaging/NPM-Registry/npm/registry/@emotion/hash/-/hash-0.9.2.tgz",
      "integrity": "sha1-/5IhufWLTf5h5hmneIc0vWP2iYs=",
      "license": "MIT",
      "peer": true
    },
    "node_modules/@emotion/memoize": {
      "version": "0.9.0",
      "resolved": "https://pkgs.dev.azure.com/Indusvalleypartners/b9909028-746d-41cb-a32b-9e01d644eeaa/_packaging/NPM-Registry/npm/registry/@emotion/memoize/-/memoize-0.9.0.tgz",
      "integrity": "sha1-dFlp1kmXd3a0P8dkjFVqqkYrQQI=",
      "license": "MIT",
      "peer": true
    },
    "node_modules/@emotion/serialize": {
      "version": "1.3.3",
      "resolved": "https://pkgs.dev.azure.com/Indusvalleypartners/b9909028-746d-41cb-a32b-9e01d644eeaa/_packaging/NPM-Registry/npm/registry/@emotion/serialize/-/serialize-1.3.3.tgz",
      "integrity": "sha1-0pFTEAXxfXBNBGOgMv5nnzdlCeg=",
      "license": "MIT",
      "peer": true,
      "dependencies": {
        "@emotion/hash": "^0.9.2",
        "@emotion/memoize": "^0.9.0",
        "@emotion/unitless": "^0.10.0",
        "@emotion/utils": "^1.4.2",
        "csstype": "^3.0.2"
      }
    },
    "node_modules/@emotion/sheet": {
      "version": "1.4.0",
      "resolved": "https://pkgs.dev.azure.com/Indusvalleypartners/b9909028-746d-41cb-a32b-9e01d644eeaa/_packaging/NPM-Registry/npm/registry/@emotion/sheet/-/sheet-1.4.0.tgz",
      "integrity": "sha1-ySmcNNJIvCboJWNzX3iVPS78qDw=",
      "license": "MIT",
      "peer": true
    },
    "node_modules/@emotion/unitless": {
      "version": "0.10.0",
      "resolved": "https://pkgs.dev.azure.com/Indusvalleypartners/b9909028-746d-41cb-a32b-9e01d644eeaa/_packaging/NPM-Registry/npm/registry/@emotion/unitless/-/unitless-0.10.0.tgz",
      "integrity": "sha1-KvL3x+UVD0l72r2EjOeyGKJ890U=",
      "license": "MIT",
      "peer": true
    },
    "node_modules/@emotion/utils": {
      "version": "1.4.2",
      "resolved": "https://pkgs.dev.azure.com/Indusvalleypartners/b9909028-746d-41cb-a32b-9e01d644eeaa/_packaging/NPM-Registry/npm/registry/@emotion/utils/-/utils-1.4.2.tgz",
      "integrity": "sha1-bfbEWIH8scQS1miKMRqYt/WcG1I=",
      "license": "MIT",
      "peer": true
    },
    "node_modules/@emotion/weak-memoize": {
      "version": "0.4.0",
      "resolved": "https://pkgs.dev.azure.com/Indusvalleypartners/b9909028-746d-41cb-a32b-9e01d644eeaa/_packaging/NPM-Registry/npm/registry/@emotion/weak-memoize/-/weak-memoize-0.4.0.tgz",
      "integrity": "sha1-XhP6yIfwjET3awzK8zcOsA/sm7Y=",
      "license": "MIT",
      "peer": true
    },
    "node_modules/@mui/core-downloads-tracker": {
      "version": "9.0.1",
      "resolved": "https://pkgs.dev.azure.com/Indusvalleypartners/b9909028-746d-41cb-a32b-9e01d644eeaa/_packaging/NPM-Registry/npm/registry/@mui/core-downloads-tracker/-/core-downloads-tracker-9.0.1.tgz",
      "integrity": "sha1-dL4L/WvvJNdv4Am+nZGFFRYnh0k=",
      "license": "MIT",
      "peer": true,
      "funding": {
        "type": "opencollective",
        "url": "https://opencollective.com/mui-org"
      }
    },
    "node_modules/@mui/material": {
      "version": "9.0.1",
      "resolved": "https://pkgs.dev.azure.com/Indusvalleypartners/b9909028-746d-41cb-a32b-9e01d644eeaa/_packaging/NPM-Registry/npm/registry/@mui/material/-/material-9.0.1.tgz",
      "integrity": "sha1-AmCweHzUR2Hk+uvAOzXxIBilEGo=",
      "license": "MIT",
      "peer": true,
      "dependencies": {
        "@babel/runtime": "^7.29.2",
        "@mui/core-downloads-tracker": "^9.0.1",
        "@mui/system": "^9.0.1",
        "@mui/types": "^9.0.0",
        "@mui/utils": "^9.0.1",
        "@popperjs/core": "^2.11.8",
        "@types/react-transition-group": "^4.4.12",
        "clsx": "^2.1.1",
        "csstype": "^3.2.3",
        "prop-types": "^15.8.1",
        "react-is": "^19.2.4",
        "react-transition-group": "^4.4.5"
      },
      "engines": {
        "node": ">=14.0.0"
      },
      "funding": {
        "type": "opencollective",
        "url": "https://opencollective.com/mui-org"
      },
      "peerDependencies": {
        "@emotion/react": "^11.5.0",
        "@emotion/styled": "^11.3.0",
        "@mui/material-pigment-css": "^9.0.1",
        "@types/react": "^17.0.0 || ^18.0.0 || ^19.0.0",
        "react": "^17.0.0 || ^18.0.0 || ^19.0.0",
        "react-dom": "^17.0.0 || ^18.0.0 || ^19.0.0"
      },
      "peerDependenciesMeta": {
        "@emotion/react": {
          "optional": true
        },
        "@emotion/styled": {
          "optional": true
        },
        "@mui/material-pigment-css": {
          "optional": true
        },
        "@types/react": {
          "optional": true
        }
      }
    },
    "node_modules/@mui/private-theming": {
      "version": "9.0.1",
      "resolved": "https://pkgs.dev.azure.com/Indusvalleypartners/b9909028-746d-41cb-a32b-9e01d644eeaa/_packaging/NPM-Registry/npm/registry/@mui/private-theming/-/private-theming-9.0.1.tgz",
      "integrity": "sha1-O9Yn0QMm+2grgkxKH6XQewQB+BM=",
      "license": "MIT",
      "peer": true,
      "dependencies": {
        "@babel/runtime": "^7.29.2",
        "@mui/utils": "^9.0.1",
        "prop-types": "^15.8.1"
      },
      "engines": {
        "node": ">=14.0.0"
      },
      "funding": {
        "type": "opencollective",
        "url": "https://opencollective.com/mui-org"
      },
      "peerDependencies": {
        "@types/react": "^17.0.0 || ^18.0.0 || ^19.0.0",
        "react": "^17.0.0 || ^18.0.0 || ^19.0.0"
      },
      "peerDependenciesMeta": {
        "@types/react": {
          "optional": true
        }
      }
    },
    "node_modules/@mui/styled-engine": {
      "version": "9.0.0",
      "resolved": "https://pkgs.dev.azure.com/Indusvalleypartners/b9909028-746d-41cb-a32b-9e01d644eeaa/_packaging/NPM-Registry/npm/registry/@mui/styled-engine/-/styled-engine-9.0.0.tgz",
      "integrity": "sha1-q3scJcAZOnls7SnaNmIZHVOuM5s=",
      "license": "MIT",
      "peer": true,
      "dependencies": {
        "@babel/runtime": "^7.29.2",
        "@emotion/cache": "^11.14.0",
        "@emotion/serialize": "^1.3.3",
        "@emotion/sheet": "^1.4.0",
        "csstype": "^3.2.3",
        "prop-types": "^15.8.1"
      },
      "engines": {
        "node": ">=14.0.0"
      },
      "funding": {
        "type": "opencollective",
        "url": "https://opencollective.com/mui-org"
      },
      "peerDependencies": {
        "@emotion/react": "^11.4.1",
        "@emotion/styled": "^11.3.0",
        "react": "^17.0.0 || ^18.0.0 || ^19.0.0"
      },
      "peerDependenciesMeta": {
        "@emotion/react": {
          "optional": true
        },
        "@emotion/styled": {
          "optional": true
        }
      }
    },
    "node_modules/@mui/system": {
      "version": "9.0.1",
      "resolved": "https://pkgs.dev.azure.com/Indusvalleypartners/b9909028-746d-41cb-a32b-9e01d644eeaa/_packaging/NPM-Registry/npm/registry/@mui/system/-/system-9.0.1.tgz",
      "integrity": "sha1-LGfaC+JyFrwa/cHPvdjXJFyxf4M=",
      "license": "MIT",
      "peer": true,
      "dependencies": {
        "@babel/runtime": "^7.29.2",
        "@mui/private-theming": "^9.0.1",
        "@mui/styled-engine": "^9.0.0",
        "@mui/types": "^9.0.0",
        "@mui/utils": "^9.0.1",
        "clsx": "^2.1.1",
        "csstype": "^3.2.3",
        "prop-types": "^15.8.1"
      },
      "engines": {
        "node": ">=14.0.0"
      },
      "funding": {
        "type": "opencollective",
        "url": "https://opencollective.com/mui-org"
      },
      "peerDependencies": {
        "@emotion/react": "^11.5.0",
        "@emotion/styled": "^11.3.0",
        "@types/react": "^17.0.0 || ^18.0.0 || ^19.0.0",
        "react": "^17.0.0 || ^18.0.0 || ^19.0.0"
      },
      "peerDependenciesMeta": {
        "@emotion/react": {
          "optional": true
        },
        "@emotion/styled": {
          "optional": true
        },
        "@types/react": {
          "optional": true
        }
      }
    },
    "node_modules/@mui/types": {
      "version": "9.0.0",
      "resolved": "https://pkgs.dev.azure.com/Indusvalleypartners/b9909028-746d-41cb-a32b-9e01d644eeaa/_packaging/NPM-Registry/npm/registry/@mui/types/-/types-9.0.0.tgz",
      "integrity": "sha1-ktjGTnLLhj7lkQjLIMxHbWSKOrk=",
      "license": "MIT",
      "dependencies": {
        "@babel/runtime": "^7.29.2"
      },
      "peerDependencies": {
        "@types/react": "^17.0.0 || ^18.0.0 || ^19.0.0"
      },
      "peerDependenciesMeta": {
        "@types/react": {
          "optional": true
        }
      }
    },
    "node_modules/@mui/utils": {
      "version": "9.0.1",
      "resolved": "https://pkgs.dev.azure.com/Indusvalleypartners/b9909028-746d-41cb-a32b-9e01d644eeaa/_packaging/NPM-Registry/npm/registry/@mui/utils/-/utils-9.0.1.tgz",
      "integrity": "sha1-BEyJ8PfmHnf4L5SWU1dE/F1aUSg=",
      "license": "MIT",
      "dependencies": {
        "@babel/runtime": "^7.29.2",
        "@mui/types": "^9.0.0",
        "@types/prop-types": "^15.7.15",
        "clsx": "^2.1.1",
        "prop-types": "^15.8.1",
        "react-is": "^19.2.4"
      },
      "engines": {
        "node": ">=14.0.0"
      },
      "funding": {
        "type": "opencollective",
        "url": "https://opencollective.com/mui-org"
      },
      "peerDependencies": {
        "@types/react": "^17.0.0 || ^18.0.0 || ^19.0.0",
        "react": "^17.0.0 || ^18.0.0 || ^19.0.0"
      },
      "peerDependenciesMeta": {
        "@types/react": {
          "optional": true
        }
      }
    },
    "node_modules/@mui/x-charts": {
      "version": "9.4.0",
      "resolved": "https://pkgs.dev.azure.com/Indusvalleypartners/b9909028-746d-41cb-a32b-9e01d644eeaa/_packaging/NPM-Registry/npm/registry/@mui/x-charts/-/x-charts-9.4.0.tgz",
      "integrity": "sha1-pFbkMdRUKANB0w3tWaDo2DyrMzQ=",
      "license": "MIT",
      "dependencies": {
        "@babel/runtime": "^7.29.7",
        "@mui/utils": "9.0.1",
        "@mui/x-charts-vendor": "^9.4.0",
        "@mui/x-internal-gestures": "^9.3.0",
        "@mui/x-internals": "^9.1.0",
        "bezier-easing": "^3.0.0",
        "clsx": "^2.1.1",
        "prop-types": "^15.8.1",
        "reselect": "^5.2.0",
        "use-sync-external-store": "^1.6.0"
      },
      "engines": {
        "node": ">=14.0.0"
      },
      "peerDependencies": {
        "@emotion/react": "^11.9.0",
        "@emotion/styled": "^11.8.1",
        "@mui/material": "^7.3.0 || ^9.0.0",
        "@mui/system": "^7.3.0 || ^9.0.0",
        "react": "^17.0.0 || ^18.0.0 || ^19.0.0",
        "react-dom": "^17.0.0 || ^18.0.0 || ^19.0.0"
      },
      "peerDependenciesMeta": {
        "@emotion/react": {
          "optional": true
        },
        "@emotion/styled": {
          "optional": true
        }
      }
    },
    "node_modules/@mui/x-charts-vendor": {
      "version": "9.4.0",
      "resolved": "https://pkgs.dev.azure.com/Indusvalleypartners/b9909028-746d-41cb-a32b-9e01d644eeaa/_packaging/NPM-Registry/npm/registry/@mui/x-charts-vendor/-/x-charts-vendor-9.4.0.tgz",
      "integrity": "sha1-ymnSoXdoz6NCAMFS11dPskLQeJg=",
      "license": "MIT AND ISC",
      "dependencies": {
        "@babel/runtime": "^7.29.7",
        "@types/d3-array": "^3.2.2",
        "@types/d3-color": "^3.1.3",
        "@types/d3-format": "^3.0.4",
        "@types/d3-geo": "^3.1.0",
        "@types/d3-interpolate": "^3.0.4",
        "@types/d3-path": "^3.1.1",
        "@types/d3-scale": "^4.0.9",
        "@types/d3-shape": "^3.1.8",
        "@types/d3-time": "^3.0.4",
        "@types/d3-time-format": "^4.0.3",
        "@types/d3-timer": "^3.0.2",
        "d3-array": "^3.2.4",
        "d3-color": "^3.1.0",
        "d3-format": "^3.1.2",
        "d3-geo": "^3.1.1",
        "d3-interpolate": "^3.0.1",
        "d3-path": "^3.1.0",
        "d3-scale": "^4.0.2",
        "d3-shape": "^3.2.0",
        "d3-time": "^3.1.0",
        "d3-time-format": "^4.1.0",
        "d3-timer": "^3.0.1",
        "flatqueue": "^3.0.0",
        "internmap": "^2.0.3"
      }
    },
    "node_modules/@mui/x-internal-gestures": {
      "version": "9.3.0",
      "resolved": "https://pkgs.dev.azure.com/Indusvalleypartners/b9909028-746d-41cb-a32b-9e01d644eeaa/_packaging/NPM-Registry/npm/registry/@mui/x-internal-gestures/-/x-internal-gestures-9.3.0.tgz",
      "integrity": "sha1-osWC6UuGaUFbK/F+rf8XEWBYNKM=",
      "license": "MIT",
      "dependencies": {
        "@babel/runtime": "^7.29.2"
      }
    },
    "node_modules/@mui/x-internals": {
      "version": "9.1.0",
      "resolved": "https://pkgs.dev.azure.com/Indusvalleypartners/b9909028-746d-41cb-a32b-9e01d644eeaa/_packaging/NPM-Registry/npm/registry/@mui/x-internals/-/x-internals-9.1.0.tgz",
      "integrity": "sha1-2EKee7iHT8HSTzBdZhC+KVmf31Y=",
      "license": "MIT",
      "dependencies": {
        "@babel/runtime": "^7.29.2",
        "@mui/utils": "9.0.0",
        "reselect": "^5.1.1",
        "use-sync-external-store": "^1.6.0"
      },
      "engines": {
        "node": ">=14.0.0"
      },
      "funding": {
        "type": "opencollective",
        "url": "https://opencollective.com/mui-org"
      },
      "peerDependencies": {
        "react": "^17.0.0 || ^18.0.0 || ^19.0.0"
      }
    },
    "node_modules/@mui/x-internals/node_modules/@mui/utils": {
      "version": "9.0.0",
      "resolved": "https://pkgs.dev.azure.com/Indusvalleypartners/b9909028-746d-41cb-a32b-9e01d644eeaa/_packaging/NPM-Registry/npm/registry/@mui/utils/-/utils-9.0.0.tgz",
      "integrity": "sha1-JbVjzL9Tf+ul+Jw3oAy45u6kWtA=",
      "license": "MIT",
      "dependencies": {
        "@babel/runtime": "^7.29.2",
        "@mui/types": "^9.0.0",
        "@types/prop-types": "^15.7.15",
        "clsx": "^2.1.1",
        "prop-types": "^15.8.1",
        "react-is": "^19.2.4"
      },
      "engines": {
        "node": ">=14.0.0"
      },
      "funding": {
        "type": "opencollective",
        "url": "https://opencollective.com/mui-org"
      },
      "peerDependencies": {
        "@types/react": "^17.0.0 || ^18.0.0 || ^19.0.0",
        "react": "^17.0.0 || ^18.0.0 || ^19.0.0"
      },
      "peerDependenciesMeta": {
        "@types/react": {
          "optional": true
        }
      }
    },
    "node_modules/@popperjs/core": {
      "version": "2.11.8",
      "resolved": "https://pkgs.dev.azure.com/Indusvalleypartners/b9909028-746d-41cb-a32b-9e01d644eeaa/_packaging/NPM-Registry/npm/registry/@popperjs/core/-/core-2.11.8.tgz",
      "integrity": "sha1-a3kDLnYKCJnNQgRxC+7elyo6GF8=",
      "license": "MIT",
      "peer": true,
      "funding": {
        "type": "opencollective",
        "url": "https://opencollective.com/popperjs"
      }
    },
    "node_modules/@types/d3-array": {
      "version": "3.2.2",
      "resolved": "https://pkgs.dev.azure.com/Indusvalleypartners/b9909028-746d-41cb-a32b-9e01d644eeaa/_packaging/NPM-Registry/npm/registry/@types/d3-array/-/d3-array-3.2.2.tgz",
      "integrity": "sha1-4CFRRk0C1KG0RkbQ/NuT+viP3ow=",
      "license": "MIT"
    },
    "node_modules/@types/d3-color": {
      "version": "3.1.3",
      "resolved": "https://pkgs.dev.azure.com/Indusvalleypartners/b9909028-746d-41cb-a32b-9e01d644eeaa/_packaging/NPM-Registry/npm/registry/@types/d3-color/-/d3-color-3.1.3.tgz",
      "integrity": "sha1-NoyWGhjech2oIA6AvzlD+1MTavI=",
      "license": "MIT"
    },
    "node_modules/@types/d3-format": {
      "version": "3.0.4",
      "resolved": "https://pkgs.dev.azure.com/Indusvalleypartners/b9909028-746d-41cb-a32b-9e01d644eeaa/_packaging/NPM-Registry/npm/registry/@types/d3-format/-/d3-format-3.0.4.tgz",
      "integrity": "sha1-seRGVkTds/3zomP+uyQKbNYW3pA=",
      "license": "MIT"
    },
    "node_modules/@types/d3-geo": {
      "version": "3.1.1",
      "resolved": "https://pkgs.dev.azure.com/Indusvalleypartners/b9909028-746d-41cb-a32b-9e01d644eeaa/_packaging/NPM-Registry/npm/registry/@types/d3-geo/-/d3-geo-3.1.1.tgz",
      "integrity": "sha1-nig68XlgHFSVgWALP+wllBkRMp0=",
      "license": "MIT",
      "dependencies": {
        "@types/geojson": "*"
      }
    },
    "node_modules/@types/d3-interpolate": {
      "version": "3.0.4",
      "resolved": "https://pkgs.dev.azure.com/Indusvalleypartners/b9909028-746d-41cb-a32b-9e01d644eeaa/_packaging/NPM-Registry/npm/registry/@types/d3-interpolate/-/d3-interpolate-3.0.4.tgz",
      "integrity": "sha1-QSuQ6EhwKF8v+KhGxutgNE8SpBw=",
      "license": "MIT",
      "dependencies": {
        "@types/d3-color": "*"
      }
    },
    "node_modules/@types/d3-path": {
      "version": "3.1.1",
      "resolved": "https://pkgs.dev.azure.com/Indusvalleypartners/b9909028-746d-41cb-a32b-9e01d644eeaa/_packaging/NPM-Registry/npm/registry/@types/d3-path/-/d3-path-3.1.1.tgz",
      "integrity": "sha1-9jKzgMOsoduo40qgSbzWpK8j34o=",
      "license": "MIT"
    },
    "node_modules/@types/d3-scale": {
      "version": "4.0.9",
      "resolved": "https://pkgs.dev.azure.com/Indusvalleypartners/b9909028-746d-41cb-a32b-9e01d644eeaa/_packaging/NPM-Registry/npm/registry/@types/d3-scale/-/d3-scale-4.0.9.tgz",
      "integrity": "sha1-V6L3ByQub+Hega17/Myq9gYXmvs=",
      "license": "MIT",
      "dependencies": {
        "@types/d3-time": "*"
      }
    },
    "node_modules/@types/d3-shape": {
      "version": "3.1.8",
      "resolved": "https://pkgs.dev.azure.com/Indusvalleypartners/b9909028-746d-41cb-a32b-9e01d644eeaa/_packaging/NPM-Registry/npm/registry/@types/d3-shape/-/d3-shape-3.1.8.tgz",
      "integrity": "sha1-0VFsxQh1O+BoUs0GdY47tUoisOM=",
      "license": "MIT",
      "dependencies": {
        "@types/d3-path": "*"
      }
    },
    "node_modules/@types/d3-time": {
      "version": "3.0.4",
      "resolved": "https://pkgs.dev.azure.com/Indusvalleypartners/b9909028-746d-41cb-a32b-9e01d644eeaa/_packaging/NPM-Registry/npm/registry/@types/d3-time/-/d3-time-3.0.4.tgz",
      "integrity": "sha1-hHL+7NY5aRRQ3YAA6zPt1EThMj8=",
      "license": "MIT"
    },
    "node_modules/@types/d3-time-format": {
      "version": "4.0.3",
      "resolved": "https://pkgs.dev.azure.com/Indusvalleypartners/b9909028-746d-41cb-a32b-9e01d644eeaa/_packaging/NPM-Registry/npm/registry/@types/d3-time-format/-/d3-time-format-4.0.3.tgz",
      "integrity": "sha1-1rwea2p9tpzM+73Uw0twYy2enbI=",
      "license": "MIT"
    },
    "node_modules/@types/d3-timer": {
      "version": "3.0.2",
      "resolved": "https://pkgs.dev.azure.com/Indusvalleypartners/b9909028-746d-41cb-a32b-9e01d644eeaa/_packaging/NPM-Registry/npm/registry/@types/d3-timer/-/d3-timer-3.0.2.tgz",
      "integrity": "sha1-cLvad9wjqnJ0E+IuIUr6Pw6FL3A=",
      "license": "MIT"
    },
    "node_modules/@types/geojson": {
      "version": "7946.0.16",
      "resolved": "https://pkgs.dev.azure.com/Indusvalleypartners/b9909028-746d-41cb-a32b-9e01d644eeaa/_packaging/NPM-Registry/npm/registry/@types/geojson/-/geojson-7946.0.16.tgz",
      "integrity": "sha1-jr5T1p762nBERU4zBcGQF9l87So=",
      "license": "MIT"
    },
    "node_modules/@types/prop-types": {
      "version": "15.7.15",
      "resolved": "https://pkgs.dev.azure.com/Indusvalleypartners/b9909028-746d-41cb-a32b-9e01d644eeaa/_packaging/NPM-Registry/npm/registry/@types/prop-types/-/prop-types-15.7.15.tgz",
      "integrity": "sha1-5uWobWAr6spxzlFj+t9fldcJMcc=",
      "license": "MIT"
    },
    "node_modules/@types/react": {
      "version": "19.2.17",
      "resolved": "https://pkgs.dev.azure.com/Indusvalleypartners/b9909028-746d-41cb-a32b-9e01d644eeaa/_packaging/NPM-Registry/npm/registry/@types/react/-/react-19.2.17.tgz",
      "integrity": "sha1-3MrDZbqg8XNOwnD/S1HIlGXo3H8=",
      "license": "MIT",
      "peer": true,
      "dependencies": {
        "csstype": "^3.2.2"
      }
    },
    "node_modules/@types/react-transition-group": {
      "version": "4.4.12",
      "resolved": "https://pkgs.dev.azure.com/Indusvalleypartners/b9909028-746d-41cb-a32b-9e01d644eeaa/_packaging/NPM-Registry/npm/registry/@types/react-transition-group/-/react-transition-group-4.4.12.tgz",
      "integrity": "sha1-tddlaEhbAqMHI4Jwv+lstR7ioEQ=",
      "license": "MIT",
      "peer": true,
      "peerDependencies": {
        "@types/react": "*"
      }
    },
    "node_modules/agent-base": {
      "version": "6.0.2",
      "resolved": "https://pkgs.dev.azure.com/Indusvalleypartners/b9909028-746d-41cb-a32b-9e01d644eeaa/_packaging/NPM-Registry/npm/registry/agent-base/-/agent-base-6.0.2.tgz",
      "integrity": "sha1-Sf/1hXfP7j83F2/qtMIuAPhtf3c=",
      "license": "MIT",
      "dependencies": {
        "debug": "4"
      },
      "engines": {
        "node": ">= 6.0.0"
      }
    },
    "node_modules/asynckit": {
      "version": "0.4.0",
      "resolved": "https://pkgs.dev.azure.com/Indusvalleypartners/b9909028-746d-41cb-a32b-9e01d644eeaa/_packaging/NPM-Registry/npm/registry/asynckit/-/asynckit-0.4.0.tgz",
      "integrity": "sha1-x57Zf380y48robyXkLzDZkdLS3k=",
      "license": "MIT"
    },
    "node_modules/axios": {
      "version": "1.18.1",
      "resolved": "https://pkgs.dev.azure.com/Indusvalleypartners/b9909028-746d-41cb-a32b-9e01d644eeaa/_packaging/NPM-Registry/npm/registry/axios/-/axios-1.18.1.tgz",
      "integrity": "sha1-1j+YY7zYk4gVyG+eKr04AYnZbf4=",
      "license": "MIT",
      "dependencies": {
        "follow-redirects": "^1.16.0",
        "form-data": "^4.0.5",
        "https-proxy-agent": "^5.0.1",
        "proxy-from-env": "^2.1.0"
      }
    },
    "node_modules/bezier-easing": {
      "version": "3.0.0",
      "resolved": "https://pkgs.dev.azure.com/Indusvalleypartners/b9909028-746d-41cb-a32b-9e01d644eeaa/_packaging/NPM-Registry/npm/registry/bezier-easing/-/bezier-easing-3.0.0.tgz",
      "integrity": "sha1-9lkAv7uF9K266G3uHZSDk0hhYPo=",
      "license": "MIT"
    },
    "node_modules/call-bind-apply-helpers": {
      "version": "1.0.2",
      "resolved": "https://pkgs.dev.azure.com/Indusvalleypartners/b9909028-746d-41cb-a32b-9e01d644eeaa/_packaging/NPM-Registry/npm/registry/call-bind-apply-helpers/-/call-bind-apply-helpers-1.0.2.tgz",
      "integrity": "sha1-S1QowiK+mF15w9gmV0edvgtZstY=",
      "license": "MIT",
      "dependencies": {
        "es-errors": "^1.3.0",
        "function-bind": "^1.1.2"
      },
      "engines": {
        "node": ">= 0.4"
      }
    },
    "node_modules/clsx": {
      "version": "2.1.1",
      "resolved": "https://pkgs.dev.azure.com/Indusvalleypartners/b9909028-746d-41cb-a32b-9e01d644eeaa/_packaging/NPM-Registry/npm/registry/clsx/-/clsx-2.1.1.tgz",
      "integrity": "sha1-7tOXyf2L2IK/sY3qtxAgSaLzKZk=",
      "license": "MIT",
      "engines": {
        "node": ">=6"
      }
    },
    "node_modules/combined-stream": {
      "version": "1.0.8",
      "resolved": "https://pkgs.dev.azure.com/Indusvalleypartners/b9909028-746d-41cb-a32b-9e01d644eeaa/_packaging/NPM-Registry/npm/registry/combined-stream/-/combined-stream-1.0.8.tgz",
      "integrity": "sha1-w9RaizT9cwYxoRCoolIGgrMdWn8=",
      "license": "MIT",
      "dependencies": {
        "delayed-stream": "~1.0.0"
      },
      "engines": {
        "node": ">= 0.8"
      }
    },
    "node_modules/cookie": {
      "version": "1.1.1",
      "resolved": "https://pkgs.dev.azure.com/Indusvalleypartners/b9909028-746d-41cb-a32b-9e01d644eeaa/_packaging/NPM-Registry/npm/registry/cookie/-/cookie-1.1.1.tgz",
      "integrity": "sha1-O7m9/II2nbnC9pyTycPOsxDIizw=",
      "license": "MIT",
      "engines": {
        "node": ">=18"
      },
      "funding": {
        "type": "opencollective",
        "url": "https://opencollective.com/express"
      }
    },
    "node_modules/csstype": {
      "version": "3.2.3",
      "resolved": "https://pkgs.dev.azure.com/Indusvalleypartners/b9909028-746d-41cb-a32b-9e01d644eeaa/_packaging/NPM-Registry/npm/registry/csstype/-/csstype-3.2.3.tgz",
      "integrity": "sha1-7EjA8+mT5QZIyG2lWeJhCZXPmJo=",
      "license": "MIT",
      "peer": true
    },
    "node_modules/d3-array": {
      "version": "3.2.4",
      "resolved": "https://pkgs.dev.azure.com/Indusvalleypartners/b9909028-746d-41cb-a32b-9e01d644eeaa/_packaging/NPM-Registry/npm/registry/d3-array/-/d3-array-3.2.4.tgz",
      "integrity": "sha1-Ff7DOyN/l6xdfJhtx32ic6jtC7U=",
      "license": "ISC",
      "dependencies": {
        "internmap": "1 - 2"
      },
      "engines": {
        "node": ">=12"
      }
    },
    "node_modules/d3-color": {
      "version": "3.1.0",
      "resolved": "https://pkgs.dev.azure.com/Indusvalleypartners/b9909028-746d-41cb-a32b-9e01d644eeaa/_packaging/NPM-Registry/npm/registry/d3-color/-/d3-color-3.1.0.tgz",
      "integrity": "sha1-OVsoM9+scVB/EqwvevI7+BneJOI=",
      "license": "ISC",
      "engines": {
        "node": ">=12"
      }
    },
    "node_modules/d3-format": {
      "version": "3.1.2",
      "resolved": "https://pkgs.dev.azure.com/Indusvalleypartners/b9909028-746d-41cb-a32b-9e01d644eeaa/_packaging/NPM-Registry/npm/registry/d3-format/-/d3-format-3.1.2.tgz",
      "integrity": "sha1-Af20a1i+sfVbELQq1wtuNE1esq4=",
      "license": "ISC",
      "engines": {
        "node": ">=12"
      }
    },
    "node_modules/d3-geo": {
      "version": "3.1.1",
      "resolved": "https://pkgs.dev.azure.com/Indusvalleypartners/b9909028-746d-41cb-a32b-9e01d644eeaa/_packaging/NPM-Registry/npm/registry/d3-geo/-/d3-geo-3.1.1.tgz",
      "integrity": "sha1-YCfPUSRvmy69ZPmeAdx8M2QDOk0=",
      "license": "ISC",
      "dependencies": {
        "d3-array": "2.5.0 - 3"
      },
      "engines": {
        "node": ">=12"
      }
    },
    "node_modules/d3-interpolate": {
      "version": "3.0.1",
      "resolved": "https://pkgs.dev.azure.com/Indusvalleypartners/b9909028-746d-41cb-a32b-9e01d644eeaa/_packaging/NPM-Registry/npm/registry/d3-interpolate/-/d3-interpolate-3.0.1.tgz",
      "integrity": "sha1-PEeqWzLFs9+1bvP9Q0IHimMrQA0=",
      "license": "ISC",
      "dependencies": {
        "d3-color": "1 - 3"
      },
      "engines": {
        "node": ">=12"
      }
    },
    "node_modules/d3-path": {
      "version": "3.1.0",
      "resolved": "https://pkgs.dev.azure.com/Indusvalleypartners/b9909028-746d-41cb-a32b-9e01d644eeaa/_packaging/NPM-Registry/npm/registry/d3-path/-/d3-path-3.1.0.tgz",
      "integrity": "sha1-It+TkDL7WnGuixgA1h3beFHEJSY=",
      "license": "ISC",
      "engines": {
        "node": ">=12"
      }
    },
    "node_modules/d3-scale": {
      "version": "4.0.2",
      "resolved": "https://pkgs.dev.azure.com/Indusvalleypartners/b9909028-746d-41cb-a32b-9e01d644eeaa/_packaging/NPM-Registry/npm/registry/d3-scale/-/d3-scale-4.0.2.tgz",
      "integrity": "sha1-grOOjo/3CAdk+Nzsd71L45Nok5Y=",
      "license": "ISC",
      "dependencies": {
        "d3-array": "2.10.0 - 3",
        "d3-format": "1 - 3",
        "d3-interpolate": "1.2.0 - 3",
        "d3-time": "2.1.1 - 3",
        "d3-time-format": "2 - 4"
      },
      "engines": {
        "node": ">=12"
      }
    },
    "node_modules/d3-shape": {
      "version": "3.2.0",
      "resolved": "https://pkgs.dev.azure.com/Indusvalleypartners/b9909028-746d-41cb-a32b-9e01d644eeaa/_packaging/NPM-Registry/npm/registry/d3-shape/-/d3-shape-3.2.0.tgz",
      "integrity": "sha1-oag5y9m6RfKGdMadf4Vbz5HfxqU=",
      "license": "ISC",
      "dependencies": {
        "d3-path": "^3.1.0"
      },
      "engines": {
        "node": ">=12"
      }
    },
    "node_modules/d3-time": {
      "version": "3.1.0",
      "resolved": "https://pkgs.dev.azure.com/Indusvalleypartners/b9909028-746d-41cb-a32b-9e01d644eeaa/_packaging/NPM-Registry/npm/registry/d3-time/-/d3-time-3.1.0.tgz",
      "integrity": "sha1-kxDbVumS48AXXh7zheVF5Iqbtcc=",
      "license": "ISC",
      "dependencies": {
        "d3-array": "2 - 3"
      },
      "engines": {
        "node": ">=12"
      }
    },
    "node_modules/d3-time-format": {
      "version": "4.1.0",
      "resolved": "https://pkgs.dev.azure.com/Indusvalleypartners/b9909028-746d-41cb-a32b-9e01d644eeaa/_packaging/NPM-Registry/npm/registry/d3-time-format/-/d3-time-format-4.1.0.tgz",
      "integrity": "sha1-erUlelBB0R7LT+cKXH0WoZW7QIo=",
      "license": "ISC",
      "dependencies": {
        "d3-time": "1 - 3"
      },
      "engines": {
        "node": ">=12"
      }
    },
    "node_modules/d3-timer": {
      "version": "3.0.1",
      "resolved": "https://pkgs.dev.azure.com/Indusvalleypartners/b9909028-746d-41cb-a32b-9e01d644eeaa/_packaging/NPM-Registry/npm/registry/d3-timer/-/d3-timer-3.0.1.tgz",
      "integrity": "sha1-YoTSonCChbGrt+IB7aQ4CvNeY7A=",
      "license": "ISC",
      "engines": {
        "node": ">=12"
      }
    },
    "node_modules/debug": {
      "version": "4.4.3",
      "resolved": "https://pkgs.dev.azure.com/Indusvalleypartners/b9909028-746d-41cb-a32b-9e01d644eeaa/_packaging/NPM-Registry/npm/registry/debug/-/debug-4.4.3.tgz",
      "integrity": "sha1-xq5DLZvZZiWC/OCHCbA4xY6ePWo=",
      "license": "MIT",
      "dependencies": {
        "ms": "^2.1.3"
      },
      "engines": {
        "node": ">=6.0"
      },
      "peerDependenciesMeta": {
        "supports-color": {
          "optional": true
        }
      }
    },
    "node_modules/delayed-stream": {
      "version": "1.0.0",
      "resolved": "https://pkgs.dev.azure.com/Indusvalleypartners/b9909028-746d-41cb-a32b-9e01d644eeaa/_packaging/NPM-Registry/npm/registry/delayed-stream/-/delayed-stream-1.0.0.tgz",
      "integrity": "sha1-3zrhmayt+31ECqrgsp4icrJOxhk=",
      "license": "MIT",
      "engines": {
        "node": ">=0.4.0"
      }
    },
    "node_modules/dom-helpers": {
      "version": "5.2.1",
      "resolved": "https://pkgs.dev.azure.com/Indusvalleypartners/b9909028-746d-41cb-a32b-9e01d644eeaa/_packaging/NPM-Registry/npm/registry/dom-helpers/-/dom-helpers-5.2.1.tgz",
      "integrity": "sha1-2UAFNrK/giWtmP4FLgKUUaxA6QI=",
      "license": "MIT",
      "peer": true,
      "dependencies": {
        "@babel/runtime": "^7.8.7",
        "csstype": "^3.0.2"
      }
    },
    "node_modules/dunder-proto": {
      "version": "1.0.1",
      "resolved": "https://pkgs.dev.azure.com/Indusvalleypartners/b9909028-746d-41cb-a32b-9e01d644eeaa/_packaging/NPM-Registry/npm/registry/dunder-proto/-/dunder-proto-1.0.1.tgz",
      "integrity": "sha1-165mfh3INIL4tw/Q9u78UNow9Yo=",
      "license": "MIT",
      "dependencies": {
        "call-bind-apply-helpers": "^1.0.1",
        "es-errors": "^1.3.0",
        "gopd": "^1.2.0"
      },
      "engines": {
        "node": ">= 0.4"
      }
    },
    "node_modules/es-define-property": {
      "version": "1.0.1",
      "resolved": "https://pkgs.dev.azure.com/Indusvalleypartners/b9909028-746d-41cb-a32b-9e01d644eeaa/_packaging/NPM-Registry/npm/registry/es-define-property/-/es-define-property-1.0.1.tgz",
      "integrity": "sha1-mD6y+aZyTpMD9hrd8BHHLgngsPo=",
      "license": "MIT",
      "engines": {
        "node": ">= 0.4"
      }
    },
    "node_modules/es-errors": {
      "version": "1.3.0",
      "resolved": "https://pkgs.dev.azure.com/Indusvalleypartners/b9909028-746d-41cb-a32b-9e01d644eeaa/_packaging/NPM-Registry/npm/registry/es-errors/-/es-errors-1.3.0.tgz",
      "integrity": "sha1-BfdaJdq5jk+x3NXhRywFRtUFfI8=",
      "license": "MIT",
      "engines": {
        "node": ">= 0.4"
      }
    },
    "node_modules/es-object-atoms": {
      "version": "1.1.2",
      "resolved": "https://pkgs.dev.azure.com/Indusvalleypartners/b9909028-746d-41cb-a32b-9e01d644eeaa/_packaging/NPM-Registry/npm/registry/es-object-atoms/-/es-object-atoms-1.1.2.tgz",
      "integrity": "sha1-otCzcyBXJN+lJdI7DD4bHKWCyZs=",
      "license": "MIT",
      "dependencies": {
        "es-errors": "^1.3.0"
      },
      "engines": {
        "node": ">= 0.4"
      }
    },
    "node_modules/es-set-tostringtag": {
      "version": "2.1.0",
      "resolved": "https://pkgs.dev.azure.com/Indusvalleypartners/b9909028-746d-41cb-a32b-9e01d644eeaa/_packaging/NPM-Registry/npm/registry/es-set-tostringtag/-/es-set-tostringtag-2.1.0.tgz",
      "integrity": "sha1-8x274MGDsAptJutjJcgQwP0YvU0=",
      "license": "MIT",
      "dependencies": {
        "es-errors": "^1.3.0",
        "get-intrinsic": "^1.2.6",
        "has-tostringtag": "^1.0.2",
        "hasown": "^2.0.2"
      },
      "engines": {
        "node": ">= 0.4"
      }
    },
    "node_modules/flatqueue": {
      "version": "3.1.0",
      "resolved": "https://pkgs.dev.azure.com/Indusvalleypartners/b9909028-746d-41cb-a32b-9e01d644eeaa/_packaging/NPM-Registry/npm/registry/flatqueue/-/flatqueue-3.1.0.tgz",
      "integrity": "sha1-6Vf2bfFItvd8s3lBL7fzV8WmQMU=",
      "license": "ISC"
    },
    "node_modules/follow-redirects": {
      "version": "1.16.0",
      "resolved": "https://pkgs.dev.azure.com/Indusvalleypartners/b9909028-746d-41cb-a32b-9e01d644eeaa/_packaging/NPM-Registry/npm/registry/follow-redirects/-/follow-redirects-1.16.0.tgz",
      "integrity": "sha1-KEdKFZ07nRHvYgUKFO1g5N9tYbw=",
      "funding": [
        {
          "type": "individual",
          "url": "https://github.com/sponsors/RubenVerborgh"
        }
      ],
      "license": "MIT",
      "engines": {
        "node": ">=4.0"
      },
      "peerDependenciesMeta": {
        "debug": {
          "optional": true
        }
      }
    },
    "node_modules/form-data": {
      "version": "4.0.6",
      "resolved": "https://pkgs.dev.azure.com/Indusvalleypartners/b9909028-746d-41cb-a32b-9e01d644eeaa/_packaging/NPM-Registry/npm/registry/form-data/-/form-data-4.0.6.tgz",
      "integrity": "sha1-KOhk4beG2+u2jbH0UvljUnhmWCc=",
      "license": "MIT",
      "dependencies": {
        "asynckit": "^0.4.0",
        "combined-stream": "^1.0.8",
        "es-set-tostringtag": "^2.1.0",
        "hasown": "^2.0.4",
        "mime-types": "^2.1.35"
      },
      "engines": {
        "node": ">= 6"
      }
    },
    "node_modules/function-bind": {
      "version": "1.1.2",
      "resolved": "https://pkgs.dev.azure.com/Indusvalleypartners/b9909028-746d-41cb-a32b-9e01d644eeaa/_packaging/NPM-Registry/npm/registry/function-bind/-/function-bind-1.1.2.tgz",
      "integrity": "sha1-LALYZNl/PqbIgwxGTL0Rq26rehw=",
      "license": "MIT",
      "funding": {
        "url": "https://github.com/sponsors/ljharb"
      }
    },
    "node_modules/get-intrinsic": {
      "version": "1.3.0",
      "resolved": "https://pkgs.dev.azure.com/Indusvalleypartners/b9909028-746d-41cb-a32b-9e01d644eeaa/_packaging/NPM-Registry/npm/registry/get-intrinsic/-/get-intrinsic-1.3.0.tgz",
      "integrity": "sha1-dD8OO2lkqTpUke0b/6rgVNf5jQE=",
      "license": "MIT",
      "dependencies": {
        "call-bind-apply-helpers": "^1.0.2",
        "es-define-property": "^1.0.1",
        "es-errors": "^1.3.0",
        "es-object-atoms": "^1.1.1",
        "function-bind": "^1.1.2",
        "get-proto": "^1.0.1",
        "gopd": "^1.2.0",
        "has-symbols": "^1.1.0",
        "hasown": "^2.0.2",
        "math-intrinsics": "^1.1.0"
      },
      "engines": {
        "node": ">= 0.4"
      },
      "funding": {
        "url": "https://github.com/sponsors/ljharb"
      }
    },
    "node_modules/get-proto": {
      "version": "1.0.1",
      "resolved": "https://pkgs.dev.azure.com/Indusvalleypartners/b9909028-746d-41cb-a32b-9e01d644eeaa/_packaging/NPM-Registry/npm/registry/get-proto/-/get-proto-1.0.1.tgz",
      "integrity": "sha1-FQs/J0OGnvPoUewMSdFbHRTQDuE=",
      "license": "MIT",
      "dependencies": {
        "dunder-proto": "^1.0.1",
        "es-object-atoms": "^1.0.0"
      },
      "engines": {
        "node": ">= 0.4"
      }
    },
    "node_modules/gopd": {
      "version": "1.2.0",
      "resolved": "https://pkgs.dev.azure.com/Indusvalleypartners/b9909028-746d-41cb-a32b-9e01d644eeaa/_packaging/NPM-Registry/npm/registry/gopd/-/gopd-1.2.0.tgz",
      "integrity": "sha1-ifVrghe9vIgCvSmd9tfxCB1+UaE=",
      "license": "MIT",
      "engines": {
        "node": ">= 0.4"
      },
      "funding": {
        "url": "https://github.com/sponsors/ljharb"
      }
    },
    "node_modules/has-symbols": {
      "version": "1.1.0",
      "resolved": "https://pkgs.dev.azure.com/Indusvalleypartners/b9909028-746d-41cb-a32b-9e01d644eeaa/_packaging/NPM-Registry/npm/registry/has-symbols/-/has-symbols-1.1.0.tgz",
      "integrity": "sha1-/JxqeDoISVHQuXH+EBjegTcHozg=",
      "license": "MIT",
      "engines": {
        "node": ">= 0.4"
      },
      "funding": {
        "url": "https://github.com/sponsors/ljharb"
      }
    },
    "node_modules/has-tostringtag": {
      "version": "1.0.2",
      "resolved": "https://pkgs.dev.azure.com/Indusvalleypartners/b9909028-746d-41cb-a32b-9e01d644eeaa/_packaging/NPM-Registry/npm/registry/has-tostringtag/-/has-tostringtag-1.0.2.tgz",
      "integrity": "sha1-LNxC1AvvLltO6rfAGnPFTOerWrw=",
      "license": "MIT",
      "dependencies": {
        "has-symbols": "^1.0.3"
      },
      "engines": {
        "node": ">= 0.4"
      },
      "funding": {
        "url": "https://github.com/sponsors/ljharb"
      }
    },
    "node_modules/hasown": {
      "version": "2.0.4",
      "resolved": "https://pkgs.dev.azure.com/Indusvalleypartners/b9909028-746d-41cb-a32b-9e01d644eeaa/_packaging/NPM-Registry/npm/registry/hasown/-/hasown-2.0.4.tgz",
      "integrity": "sha1-jGLYy5C+sqrV0KW2dYGtmFTD8AM=",
      "license": "MIT",
      "dependencies": {
        "function-bind": "^1.1.2"
      },
      "engines": {
        "node": ">= 0.4"
      }
    },
    "node_modules/https-proxy-agent": {
      "version": "5.0.1",
      "resolved": "https://pkgs.dev.azure.com/Indusvalleypartners/b9909028-746d-41cb-a32b-9e01d644eeaa/_packaging/NPM-Registry/npm/registry/https-proxy-agent/-/https-proxy-agent-5.0.1.tgz",
      "integrity": "sha1-xZ7yJKBP6LdU89sAY6Jeow0ABdY=",
      "license": "MIT",
      "dependencies": {
        "agent-base": "6",
        "debug": "4"
      },
      "engines": {
        "node": ">= 6"
      }
    },
    "node_modules/internmap": {
      "version": "2.0.3",
      "resolved": "https://pkgs.dev.azure.com/Indusvalleypartners/b9909028-746d-41cb-a32b-9e01d644eeaa/_packaging/NPM-Registry/npm/registry/internmap/-/internmap-2.0.3.tgz",
      "integrity": "sha1-ZoXyN1XkPFJOJR0py8lySOMGEAk=",
      "license": "ISC",
      "engines": {
        "node": ">=12"
      }
    },
    "node_modules/js-tokens": {
      "version": "4.0.0",
      "resolved": "https://pkgs.dev.azure.com/Indusvalleypartners/b9909028-746d-41cb-a32b-9e01d644eeaa/_packaging/NPM-Registry/npm/registry/js-tokens/-/js-tokens-4.0.0.tgz",
      "integrity": "sha1-GSA/tZmR35jjoocFDUZHzerzJJk=",
      "license": "MIT"
    },
    "node_modules/loose-envify": {
      "version": "1.4.0",
      "resolved": "https://pkgs.dev.azure.com/Indusvalleypartners/b9909028-746d-41cb-a32b-9e01d644eeaa/_packaging/NPM-Registry/npm/registry/loose-envify/-/loose-envify-1.4.0.tgz",
      "integrity": "sha1-ce5R+nvkyuwaY4OffmgtgTLTDK8=",
      "license": "MIT",
      "dependencies": {
        "js-tokens": "^3.0.0 || ^4.0.0"
      },
      "bin": {
        "loose-envify": "cli.js"
      }
    },
    "node_modules/math-intrinsics": {
      "version": "1.1.0",
      "resolved": "https://pkgs.dev.azure.com/Indusvalleypartners/b9909028-746d-41cb-a32b-9e01d644eeaa/_packaging/NPM-Registry/npm/registry/math-intrinsics/-/math-intrinsics-1.1.0.tgz",
      "integrity": "sha1-oN10voHiqlwvJ+Zc4oNgXuTit/k=",
      "license": "MIT",
      "engines": {
        "node": ">= 0.4"
      }
    },
    "node_modules/mime-db": {
      "version": "1.52.0",
      "resolved": "https://pkgs.dev.azure.com/Indusvalleypartners/b9909028-746d-41cb-a32b-9e01d644eeaa/_packaging/NPM-Registry/npm/registry/mime-db/-/mime-db-1.52.0.tgz",
      "integrity": "sha1-u6vNwChZ9JhzAchW4zh85exDv3A=",
      "license": "MIT",
      "engines": {
        "node": ">= 0.6"
      }
    },
    "node_modules/mime-types": {
      "version": "2.1.35",
      "resolved": "https://pkgs.dev.azure.com/Indusvalleypartners/b9909028-746d-41cb-a32b-9e01d644eeaa/_packaging/NPM-Registry/npm/registry/mime-types/-/mime-types-2.1.35.tgz",
      "integrity": "sha1-OBqHG2KnNEUGYK497uRIE/cNlZo=",
      "license": "MIT",
      "dependencies": {
        "mime-db": "1.52.0"
      },
      "engines": {
        "node": ">= 0.6"
      }
    },
    "node_modules/ms": {
      "version": "2.1.3",
      "resolved": "https://pkgs.dev.azure.com/Indusvalleypartners/b9909028-746d-41cb-a32b-9e01d644eeaa/_packaging/NPM-Registry/npm/registry/ms/-/ms-2.1.3.tgz",
      "integrity": "sha1-V0yBOM4dK1hh8LRFedut1gxmFbI=",
      "license": "MIT"
    },
    "node_modules/object-assign": {
      "version": "4.1.1",
      "resolved": "https://pkgs.dev.azure.com/Indusvalleypartners/b9909028-746d-41cb-a32b-9e01d644eeaa/_packaging/NPM-Registry/npm/registry/object-assign/-/object-assign-4.1.1.tgz",
      "integrity": "sha1-IQmtx5ZYh8/AXLvUQsrIv7s2CGM=",
      "license": "MIT",
      "engines": {
        "node": ">=0.10.0"
      }
    },
    "node_modules/prop-types": {
      "version": "15.8.1",
      "resolved": "https://pkgs.dev.azure.com/Indusvalleypartners/b9909028-746d-41cb-a32b-9e01d644eeaa/_packaging/NPM-Registry/npm/registry/prop-types/-/prop-types-15.8.1.tgz",
      "integrity": "sha1-Z9h78aaU9IQ1zzMsJK8QIUoxQLU=",
      "license": "MIT",
      "dependencies": {
        "loose-envify": "^1.4.0",
        "object-assign": "^4.1.1",
        "react-is": "^16.13.1"
      }
    },
    "node_modules/prop-types/node_modules/react-is": {
      "version": "16.13.1",
      "resolved": "https://pkgs.dev.azure.com/Indusvalleypartners/b9909028-746d-41cb-a32b-9e01d644eeaa/_packaging/NPM-Registry/npm/registry/react-is/-/react-is-16.13.1.tgz",
      "integrity": "sha1-eJcppNw23imZ3BVt1sHZwYzqVqQ=",
      "license": "MIT"
    },
    "node_modules/proxy-from-env": {
      "version": "2.1.0",
      "resolved": "https://pkgs.dev.azure.com/Indusvalleypartners/b9909028-746d-41cb-a32b-9e01d644eeaa/_packaging/NPM-Registry/npm/registry/proxy-from-env/-/proxy-from-env-2.1.0.tgz",
      "integrity": "sha1-p0h1aK2tV3z6qn6IxJyrOrMIGro=",
      "license": "MIT",
      "engines": {
        "node": ">=10"
      }
    },
    "node_modules/react": {
      "version": "19.2.8",
      "resolved": "https://pkgs.dev.azure.com/Indusvalleypartners/b9909028-746d-41cb-a32b-9e01d644eeaa/_packaging/NPM-Registry/npm/registry/react/-/react-19.2.8.tgz",
      "integrity": "sha1-qAZj27WNacb+P9KR08syTop9/y0=",
      "license": "MIT",
      "peer": true,
      "engines": {
        "node": ">=0.10.0"
      }
    },
    "node_modules/react-dom": {
      "version": "19.2.8",
      "resolved": "https://pkgs.dev.azure.com/Indusvalleypartners/b9909028-746d-41cb-a32b-9e01d644eeaa/_packaging/NPM-Registry/npm/registry/react-dom/-/react-dom-19.2.8.tgz",
      "integrity": "sha1-O0a57tqHfN/yzxPSdw//SuNsLsI=",
      "license": "MIT",
      "peer": true,
      "dependencies": {
        "scheduler": "^0.27.0"
      },
      "peerDependencies": {
        "react": "^19.2.8"
      }
    },
    "node_modules/react-is": {
      "version": "19.2.8",
      "resolved": "https://pkgs.dev.azure.com/Indusvalleypartners/b9909028-746d-41cb-a32b-9e01d644eeaa/_packaging/NPM-Registry/npm/registry/react-is/-/react-is-19.2.8.tgz",
      "integrity": "sha1-CYJvn7wYe8Zo4+XGLtwAH4BNUBg=",
      "license": "MIT"
    },
    "node_modules/react-router": {
      "version": "7.18.2",
      "resolved": "https://pkgs.dev.azure.com/Indusvalleypartners/b9909028-746d-41cb-a32b-9e01d644eeaa/_packaging/NPM-Registry/npm/registry/react-router/-/react-router-7.18.2.tgz",
      "integrity": "sha1-p2xGzp5e2s1PUSidWnH3EwXbkVI=",
      "license": "MIT",
      "dependencies": {
        "cookie": "^1.0.1",
        "set-cookie-parser": "^2.6.0"
      },
      "engines": {
        "node": ">=20.0.0"
      },
      "peerDependencies": {
        "react": ">=18",
        "react-dom": ">=18"
      },
      "peerDependenciesMeta": {
        "react-dom": {
          "optional": true
        }
      }
    },
    "node_modules/react-router-dom": {
      "version": "7.18.2",
      "resolved": "https://pkgs.dev.azure.com/Indusvalleypartners/b9909028-746d-41cb-a32b-9e01d644eeaa/_packaging/NPM-Registry/npm/registry/react-router-dom/-/react-router-dom-7.18.2.tgz",
      "integrity": "sha1-AL8dDOi/F6bYMZSarNpyphIOSSY=",
      "license": "MIT",
      "dependencies": {
        "react-router": "7.18.2"
      },
      "engines": {
        "node": ">=20.0.0"
      },
      "peerDependencies": {
        "react": ">=18",
        "react-dom": ">=18"
      }
    },
    "node_modules/react-transition-group": {
      "version": "4.4.5",
      "resolved": "https://pkgs.dev.azure.com/Indusvalleypartners/b9909028-746d-41cb-a32b-9e01d644eeaa/_packaging/NPM-Registry/npm/registry/react-transition-group/-/react-transition-group-4.4.5.tgz",
      "integrity": "sha1-5T1OPzNE2oUhSJ+++PJYHUK+zdE=",
      "license": "BSD-3-Clause",
      "peer": true,
      "dependencies": {
        "@babel/runtime": "^7.5.5",
        "dom-helpers": "^5.0.1",
        "loose-envify": "^1.4.0",
        "prop-types": "^15.6.2"
      },
      "peerDependencies": {
        "react": ">=16.6.0",
        "react-dom": ">=16.6.0"
      }
    },
    "node_modules/reselect": {
      "version": "5.2.0",
      "resolved": "https://pkgs.dev.azure.com/Indusvalleypartners/b9909028-746d-41cb-a32b-9e01d644eeaa/_packaging/NPM-Registry/npm/registry/reselect/-/reselect-5.2.0.tgz",
      "integrity": "sha1-84DvdmQzLSbqBsHLoEvbvcqpVfE=",
      "license": "MIT"
    },
    "node_modules/scheduler": {
      "version": "0.27.0",
      "resolved": "https://pkgs.dev.azure.com/Indusvalleypartners/b9909028-746d-41cb-a32b-9e01d644eeaa/_packaging/NPM-Registry/npm/registry/scheduler/-/scheduler-0.27.0.tgz",
      "integrity": "sha1-DE74LWfR5cHjWej8dtOofwRf5b0=",
      "license": "MIT",
      "peer": true
    },
    "node_modules/set-cookie-parser": {
      "version": "2.7.2",
      "resolved": "https://pkgs.dev.azure.com/Indusvalleypartners/b9909028-746d-41cb-a32b-9e01d644eeaa/_packaging/NPM-Registry/npm/registry/set-cookie-parser/-/set-cookie-parser-2.7.2.tgz",
      "integrity": "sha1-zNCGc6muXS5E6iot4lCJ5nx+32g=",
      "license": "MIT"
    },
    "node_modules/stylis": {
      "version": "4.2.0",
      "resolved": "https://pkgs.dev.azure.com/Indusvalleypartners/b9909028-746d-41cb-a32b-9e01d644eeaa/_packaging/NPM-Registry/npm/registry/stylis/-/stylis-4.2.0.tgz",
      "integrity": "sha1-edruAgiWTI/mlaQvz/ysYzohGlE=",
      "license": "MIT",
      "peer": true
    },
    "node_modules/use-sync-external-store": {
      "version": "1.6.0",
      "resolved": "https://pkgs.dev.azure.com/Indusvalleypartners/b9909028-746d-41cb-a32b-9e01d644eeaa/_packaging/NPM-Registry/npm/registry/use-sync-external-store/-/use-sync-external-store-1.6.0.tgz",
      "integrity": "sha1-sXS/plyytSZzLZ8qwKQIAnh28y0=",
      "license": "MIT",
      "peerDependencies": {
        "react": "^16.8.0 || ^17.0.0 || ^18.0.0 || ^19.0.0"
      }
    }
  }
}
